// !$*UTF8*$!
{
	archiveVersion = 1;
	classes = {
	};
	objectVersion = 46;
	objects = {

/* Begin PBXBuildFile section */
		A0A63BBB1BBF048700A96434 /* main.m in Sources */ = {isa = PBXBuildFile; fileRef = A0A63BBA1BBF048700A96434 /* main.m */; };
		A0A63BBE1BBF048700A96434 /* AppDelegate.m in Sources */ = {isa = PBXBuildFile; fileRef = A0A63BBD1BBF048700A96434 /* AppDelegate.m */; };
		A0A63BC11BBF048700A96434 /* MasterViewController.m in Sources */ = {isa = PBXBuildFile; fileRef = A0A63BC01BBF048700A96434 /* MasterViewController.m */; };
		A0A63BC41BBF048700A96434 /* DetailViewController.m in Sources */ = {isa = PBXBuildFile; fileRef = A0A63BC31BBF048700A96434 /* DetailViewController.m */; };
		A0A63BC71BBF048700A96434 /* Main.storyboard in Resources */ = {isa = PBXBuildFile; fileRef = A0A63BC51BBF048700A96434 /* Main.storyboard */; };
		A0A63BC91BBF048700A96434 /* Images.xcassets in Resources */ = {isa = PBXBuildFile; fileRef = A0A63BC81BBF048700A96434 /* Images.xcassets */; };
		A0A63BCC1BBF048700A96434 /* LaunchScreen.xib in Resources */ = {isa = PBXBuildFile; fileRef = A0A63BCA1BBF048700A96434 /* LaunchScreen.xib */; };
		A0A63BD81BBF048800A96434 /* CU_AgoraTests.m in Sources */ = {isa = PBXBuildFile; fileRef = A0A63BD71BBF048800A96434 /* CU_AgoraTests.m */; };
/* End PBXBuildFile section */

/* Begin PBXContainerItemProxy section */
		A0A63BD21BBF048800A96434 /* PBXContainerItemProxy */ = {
			isa = PBXContainerItemProxy;
			containerPortal = A0A63BAD1BBF048700A96434 /* Project object */;
			proxyType = 1;
			remoteGlobalIDString = A0A63BB41BBF048700A96434;
			remoteInfo = CU_Agora;
		};
/* End PBXContainerItemProxy section */

/* Begin PBXFileReference section */
		A0A63BB51BBF048700A96434 /* CU_Agora.app */ = {isa = PBXFileReference; explicitFileType = wrapper.application; includeInIndex = 0; path = CU_Agora.app; sourceTree = BUILT_PRODUCTS_DIR; };
		A0A63BB91BBF048700A96434 /* Info.plist */ = {isa = PBXFileReference; lastKnownFileType = text.plist.xml; path = Info.plist; sourceTree = "<group>"; };
		A0A63BBA1BBF048700A96434 /* main.m */ = {isa = PBXFileReference; lastKnownFileType = sourcecode.c.objc; path = main.m; sourceTree = "<group>"; };
		A0A63BBC1BBF048700A96434 /* AppDelegate.h */ = {isa = PBXFileReference; lastKnownFileType = sourcecode.c.h; path = AppDelegate.h; sourceTree = "<group>"; };
		A0A63BBD1BBF048700A96434 /* AppDelegate.m */ = {isa = PBXFileReference; lastKnownFileType = sourcecode.c.objc; path = AppDelegate.m; sourceTree = "<group>"; };
		A0A63BBF1BBF048700A96434 /* MasterViewController.h */ = {isa = PBXFileReference; lastKnownFileType = sourcecode.c.h; path = MasterViewController.h; sourceTree = "<group>"; };
		A0A63BC01BBF048700A96434 /* MasterViewController.m */ = {isa = PBXFileReference; lastKnownFileType = sourcecode.c.objc; path = MasterViewController.m; sourceTree = "<group>"; };
		A0A63BC21BBF048700A96434 /* DetailViewController.h */ = {isa = PBXFileReference; lastKnownFileType = sourcecode.c.h; path = DetailViewController.h; sourceTree = "<group>"; };
		A0A63BC31BBF048700A96434 /* DetailViewController.m */ = {isa = PBXFileReference; lastKnownFileType = sourcecode.c.objc; path = DetailViewController.m; sourceTree = "<group>"; };
		A0A63BC61BBF048700A96434 /* Base */ = {isa = PBXFileReference; lastKnownFileType = file.storyboard; name = Base; path = Base.lproj/Main.storyboard; sourceTree = "<group>"; };
		A0A63BC81BBF048700A96434 /* Images.xcassets */ = {isa = PBXFileReference; lastKnownFileType = folder.assetcatalog; path = Images.xcassets; sourceTree = "<group>"; };
		A0A63BCB1BBF048700A96434 /* Base */ = {isa = PBXFileReference; lastKnownFileType = file.xib; name = Base; path = Base.lproj/LaunchScreen.xib; sourceTree = "<group>"; };
		A0A63BD11BBF048800A96434 /* CU_AgoraTests.xctest */ = {isa = PBXFileReference; explicitFileType = wrapper.cfbundle; includeInIndex = 0; path = CU_AgoraTests.xctest; sourceTree = BUILT_PRODUCTS_DIR; };
		A0A63BD61BBF048800A96434 /* Info.plist */ = {isa = PBXFileReference; lastKnownFileType = text.plist.xml; path = Info.plist; sourceTree = "<group>"; };
		A0A63BD71BBF048800A96434 /* CU_AgoraTests.m */ = {isa = PBXFileReference; lastKnownFileType = sourcecode.c.objc; path = CU_AgoraTests.m; sourceTree = "<group>"; };
/* End PBXFileReference section */

/* Begin PBXFrameworksBuildPhase section */
		A0A63BB21BBF048700A96434 /* Frameworks */ = {
			isa = PBXFrameworksBuildPhase;
			buildActionMask = 2147483647;
			files = (
			);
			runOnlyForDeploymentPostprocessing = 0;
		};
		A0A63BCE1BBF048800A96434 /* Frameworks */ = {
			isa = PBXFrameworksBuildPhase;
			buildActionMask = 2147483647;
			files = (
			);
			runOnlyForDeploymentPostprocessing = 0;
		};
/* End PBXFrameworksBuildPhase section */

/* Begin PBXGroup section */
		A0A63BAC1BBF048700A96434 = {
			isa = PBXGroup;
			children = (
				A0A63BB71BBF048700A96434 /* CU_Agora */,
				A0A63BD41BBF048800A96434 /* CU_AgoraTests */,
				A0A63BB61BBF048700A96434 /* Products */,
			);
			sourceTree = "<group>";
		};
		A0A63BB61BBF048700A96434 /* Products */ = {
			isa = PBXGroup;
			children = (
				A0A63BB51BBF048700A96434 /* CU_Agora.app */,
				A0A63BD11BBF048800A96434 /* CU_AgoraTests.xctest */,
			);
			name = Products;
			sourceTree = "<group>";
		};
		A0A63BB71BBF048700A96434 /* CU_Agora */ = {
			isa = PBXGroup;
			children = (
				A0A63BBC1BBF048700A96434 /* AppDelegate.h */,
				A0A63BBD1BBF048700A96434 /* AppDelegate.m */,
				A0A63BBF1BBF048700A96434 /* MasterViewController.h */,
				A0A63BC01BBF048700A96434 /* MasterViewController.m */,
				A0A63BC21BBF048700A96434 /* DetailViewController.h */,
				A0A63BC31BBF048700A96434 /* DetailViewController.m */,
				A0A63BC51BBF048700A96434 /* Main.storyboard */,
				A0A63BC81BBF048700A96434 /* Images.xcassets */,
				A0A63BCA1BBF048700A96434 /* LaunchScreen.xib */,
				A0A63BB81BBF048700A96434 /* Supporting Files */,
			);
			path = CU_Agora;
			sourceTree = "<group>";
		};
		A0A63BB81BBF048700A96434 /* Supporting Files */ = {
			isa = PBXGroup;
			children = (
				A0A63BB91BBF048700A96434 /* Info.plist */,
				A0A63BBA1BBF048700A96434 /* main.m */,
			);
			name = "Supporting Files";
			sourceTree = "<group>";
		};
		A0A63BD41BBF048800A96434 /* CU_AgoraTests */ = {
			isa = PBXGroup;
			children = (
				A0A63BD71BBF048800A96434 /* CU_AgoraTests.m */,
				A0A63BD51BBF048800A96434 /* Supporting Files */,
			);
			path = CU_AgoraTests;
			sourceTree = "<group>";
		};
		A0A63BD51BBF048800A96434 /* Supporting Files */ = {
			isa = PBXGroup;
			children = (
				A0A63BD61BBF048800A96434 /* Info.plist */,
			);
			name = "Supporting Files";
			sourceTree = "<group>";
		};
/* End PBXGroup section */

/* Begin PBXNativeTarget section */
		A0A63BB41BBF048700A96434 /* CU_Agora */ = {
			isa = PBXNativeTarget;
			buildConfigurationList = A0A63BDB1BBF048800A96434 /* Build configuration list for PBXNativeTarget "CU_Agora" */;
			buildPhases = (
				A0A63BB11BBF048700A96434 /* Sources */,
				A0A63BB21BBF048700A96434 /* Frameworks */,
				A0A63BB31BBF048700A96434 /* Resources */,
			);
			buildRules = (
			);
			dependencies = (
			);
			name = CU_Agora;
			productName = CU_Agora;
			productReference = A0A63BB51BBF048700A96434 /* CU_Agora.app */;
			productType = "com.apple.product-type.application";
		};
		A0A63BD01BBF048800A96434 /* CU_AgoraTests */ = {
			isa = PBXNativeTarget;
			buildConfigurationList = A0A63BDE1BBF048800A96434 /* Build configuration list for PBXNativeTarget "CU_AgoraTests" */;
			buildPhases = (
				A0A63BCD1BBF048800A96434 /* Sources */,
				A0A63BCE1BBF048800A96434 /* Frameworks */,
				A0A63BCF1BBF048800A96434 /* Resources */,
			);
			buildRules = (
			);
			dependencies = (
				A0A63BD31BBF048800A96434 /* PBXTargetDependency */,
			);
			name = CU_AgoraTests;
			productName = CU_AgoraTests;
			productReference = A0A63BD11BBF048800A96434 /* CU_AgoraTests.xctest */;
			productType = "com.apple.product-type.bundle.unit-test";
		};
/* End PBXNativeTarget section */

/* Begin PBXProject section */
		A0A63BAD1BBF048700A96434 /* Project object */ = {
			isa = PBXProject;
			attributes = {
				LastUpgradeCheck = 0640;
				ORGANIZATIONNAME = "Vamsi Gadiraju";
				TargetAttributes = {
					A0A63BB41BBF048700A96434 = {
						CreatedOnToolsVersion = 6.4;
					};
					A0A63BD01BBF048800A96434 = {
						CreatedOnToolsVersion = 6.4;
						TestTargetID = A0A63BB41BBF048700A96434;
					};
				};
			};
			buildConfigurationList = A0A63BB01BBF048700A96434 /* Build configuration list for PBXProject "CU_Agora" */;
			compatibilityVersion = "Xcode 3.2";
			developmentRegion = English;
			hasScannedForEncodings = 0;
			knownRegions = (
				en,
				Base,
			);
			mainGroup = A0A63BAC1BBF048700A96434;
			productRefGroup = A0A63BB61BBF048700A96434 /* Products */;
			projectDirPath = "";
			projectRoot = "";
			targets = (
				A0A63BB41BBF048700A96434 /* CU_Agora */,
				A0A63BD01BBF048800A96434 /* CU_AgoraTests */,
			);
		};
/* End PBXProject section */

/* Begin PBXResourcesBuildPhase section */
		A0A63BB31BBF048700A96434 /* Resources */ = {
			isa = PBXResourcesBuildPhase;
			buildActionMask = 2147483647;
			files = (
				A0A63BC71BBF048700A96434 /* Main.storyboard in Resources */,
				A0A63BCC1BBF048700A96434 /* LaunchScreen.xib in Resources */,
				A0A63BC91BBF048700A96434 /* Images.xcassets in Resources */,
			);
			runOnlyForDeploymentPostprocessing = 0;
		};
		A0A63BCF1BBF048800A96434 /* Resources */ = {
			isa = PBXResourcesBuildPhase;
			buildActionMask = 2147483647;
			files = (
			);
			runOnlyForDeploymentPostprocessing = 0;
		};
/* End PBXResourcesBuildPhase section */

/* Begin PBXSourcesBuildPhase section */
		A0A63BB11BBF048700A96434 /* Sources */ = {
			isa = PBXSourcesBuildPhase;
			buildActionMask = 2147483647;
			files = (
				A0A63BBE1BBF048700A96434 /* AppDelegate.m in Sources */,
				A0A63BC11BBF048700A96434 /* MasterViewController.m in Sources */,
				A0A63BBB1BBF048700A96434 /* main.m in Sources */,
				A0A63BC41BBF048700A96434 /* DetailViewController.m in Sources */,
			);
			runOnlyForDeploymentPostprocessing = 0;
		};
		A0A63BCD1BBF048800A96434 /* Sources */ = {
			isa = PBXSourcesBuildPhase;
			buildActionMask = 2147483647;
			files = (
				A0A63BD81BBF048800A96434 /* CU_AgoraTests.m in Sources */,
			);
			runOnlyForDeploymentPostprocessing = 0;
		};
/* End PBXSourcesBuildPhase section */

/* Begin PBXTargetDependency section */
		A0A63BD31BBF048800A96434 /* PBXTargetDependency */ = {
			isa = PBXTargetDependency;
			target = A0A63BB41BBF048700A96434 /* CU_Agora */;
			targetProxy = A0A63BD21BBF048800A96434 /* PBXContainerItemProxy */;
		};
/* End PBXTargetDependency section */

/* Begin PBXVariantGroup section */
		A0A63BC51BBF048700A96434 /* Main.storyboard */ = {
			isa = PBXVariantGroup;
			children = (
				A0A63BC61BBF048700A96434 /* Base */,
			);
			name = Main.storyboard;
			sourceTree = "<group>";
		};
		A0A63BCA1BBF048700A96434 /* LaunchScreen.xib */ = {
			isa = PBXVariantGroup;
			children = (
				A0A63BCB1BBF048700A96434 /* Base */,
			);
			name = LaunchScreen.xib;
			sourceTree = "<group>";
		};
/* End PBXVariantGroup section */

/* Begin XCBuildConfiguration section */
		A0A63BD91BBF048800A96434 /* Debug */ = {
			isa = XCBuildConfiguration;
			buildSettings = {
				ALWAYS_SEARCH_USER_PATHS = NO;
				CLANG_CXX_LANGUAGE_STANDARD = "gnu++0x";
				CLANG_CXX_LIBRARY = "libc++";
				CLANG_ENABLE_MODULES = YES;
				CLANG_ENABLE_OBJC_ARC = YES;
				CLANG_WARN_BOOL_CONVERSION = YES;
				CLANG_WARN_CONSTANT_CONVERSION = YES;
				CLANG_WARN_DIRECT_OBJC_ISA_USAGE = YES_ERROR;
				CLANG_WARN_EMPTY_BODY = YES;
				CLANG_WARN_ENUM_CONVERSION = YES;
				CLANG_WARN_INT_CONVERSION = YES;
				CLANG_WARN_OBJC_ROOT_CLASS = YES_ERROR;
				CLANG_WARN_UNREACHABLE_CODE = YES;
				CLANG_WARN__DUPLICATE_METHOD_MATCH = YES;
				"CODE_SIGN_IDENTITY[sdk=iphoneos*]" = "iPhone Developer";
				COPY_PHASE_STRIP = NO;
				DEBUG_INFORMATION_FORMAT = "dwarf-with-dsym";
				ENABLE_STRICT_OBJC_MSGSEND = YES;
				GCC_C_LANGUAGE_STANDARD = gnu99;
				GCC_DYNAMIC_NO_PIC = NO;
				GCC_NO_COMMON_BLOCKS = YES;
				GCC_OPTIMIZATION_LEVEL = 0;
				GCC_PREPROCESSOR_DEFINITIONS = (
					"DEBUG=1",
					"$(inherited)",
				);
				GCC_SYMBOLS_PRIVATE_EXTERN = NO;
				GCC_WARN_64_TO_32_BIT_CONVERSION = YES;
				GCC_WARN_ABOUT_RETURN_TYPE = YES_ERROR;
				GCC_WARN_UNDECLARED_SELECTOR = YES;
				GCC_WARN_UNINITIALIZED_AUTOS = YES_AGGRESSIVE;
				GCC_WARN_UNUSED_FUNCTION = YES;
				GCC_WARN_UNUSED_VARIABLE = YES;
				IPHONEOS_DEPLOYMENT_TARGET = 8.4;
				MTL_ENABLE_DEBUG_INFO = YES;
				ONLY_ACTIVE_ARCH = YES;
				SDKROOT = iphoneos;
			};
			name = Debug;
		};
		A0A63BDA1BBF048800A96434 /* Release */ = {
			isa = XCBuildConfiguration;
			buildSettings = {
				ALWAYS_SEARCH_USER_PATHS = NO;
				CLANG_CXX_LANGUAGE_STANDARD = "gnu++0x";
				CLANG_CXX_LIBRARY = "libc++";
				CLANG_ENABLE_MODULES = YES;
				CLANG_ENABLE_OBJC_ARC = YES;
				CLANG_WARN_BOOL_CONVERSION = YES;
				CLANG_WARN_CONSTANT_CONVERSION = YES;
				CLANG_WARN_DIRECT_OBJC_ISA_USAGE = YES_ERROR;
				CLANG_WARN_EMPTY_BODY = YES;
				CLANG_WARN_ENUM_CONVERSION = YES;
				CLANG_WARN_INT_CONVERSION = YES;
				CLANG_WARN_OBJC_ROOT_CLASS = YES_ERROR;
				CLANG_WARN_UNREACHABLE_CODE = YES;
				CLANG_WARN__DUPLICATE_METHOD_MATCH = YES;
				"CODE_SIGN_IDENTITY[sdk=iphoneos*]" = "iPhone Developer";
				COPY_PHASE_STRIP = NO;
				DEBUG_INFORMATION_FORMAT = "dwarf-with-dsym";
				ENABLE_NS_ASSERTIONS = NO;
				ENABLE_STRICT_OBJC_MSGSEND = YES;
				GCC_C_LANGUAGE_STANDARD = gnu99;
				GCC_NO_COMMON_BLOCKS = YES;
				GCC_WARN_64_TO_32_BIT_CONVERSION = YES;
				GCC_WARN_ABOUT_RETURN_TYPE = YES_ERROR;
				GCC_WARN_UNDECLARED_SELECTOR = YES;
				GCC_WARN_UNINITIALIZED_AUTOS = YES_AGGRESSIVE;
				GCC_WARN_UNUSED_FUNCTION = YES;
				GCC_WARN_UNUSED_VARIABLE = YES;
				IPHONEOS_DEPLOYMENT_TARGET = 8.4;
				MTL_ENABLE_DEBUG_INFO = NO;
				SDKROOT = iphoneos;
				VALIDATE_PRODUCT = YES;
			};
			name = Release;
		};
		A0A63BDC1BBF048800A96434 /* Debug */ = {
			isa = XCBuildConfiguration;
			buildSettings = {
				ASSETCATALOG_COMPILER_APPICON_NAME = AppIcon;
				INFOPLIST_FILE = CU_Agora/Info.plist;
				LD_RUNPATH_SEARCH_PATHS = "$(inherited) @executable_path/Frameworks";
				PRODUCT_NAME = "$(TARGET_NAME)";
			};
			name = Debug;
		};
		A0A63BDD1BBF048800A96434 /* Release */ = {
			isa = XCBuildConfiguration;
			buildSettings = {
				ASSETCATALOG_COMPILER_APPICON_NAME = AppIcon;
				INFOPLIST_FILE = CU_Agora/Info.plist;
				LD_RUNPATH_SEARCH_PATHS = "$(inherited) @executable_path/Frameworks";
				PRODUCT_NAME = "$(TARGET_NAME)";
			};
			name = Release;
		};
		A0A63BDF1BBF048800A96434 /* Debug */ = {
			isa = XCBuildConfiguration;
			buildSettings = {
				BUNDLE_LOADER = "$(TEST_HOST)";
				FRAMEWORK_SEARCH_PATHS = (
					"$(SDKROOT)/Developer/Library/Frameworks",
					"$(inherited)",
				);
				GCC_PREPROCESSOR_DEFINITIONS = (
					"DEBUG=1",
					"$(inherited)",
				);
				INFOPLIST_FILE = CU_AgoraTests/Info.plist;
				LD_RUNPATH_SEARCH_PATHS = "$(inherited) @executable_path/Frameworks @loader_path/Frameworks";
				PRODUCT_NAME = "$(TARGET_NAME)";
				TEST_HOST = "$(BUILT_PRODUCTS_DIR)/CU_Agora.app/CU_Agora";
			};
			name = Debug;
		};
		A0A63BE01BBF048800A96434 /* Release */ = {
			isa = XCBuildConfiguration;
			buildSettings = {
				BUNDLE_LOADER = "$(TEST_HOST)";
				FRAMEWORK_SEARCH_PATHS = (
					"$(SDKROOT)/Developer/Library/Frameworks",
					"$(inherited)",
				);
				INFOPLIST_FILE = CU_AgoraTests/Info.plist;
				LD_RUNPATH_SEARCH_PATHS = "$(inherited) @executable_path/Frameworks @loader_path/Frameworks";
				PRODUCT_NAME = "$(TARGET_NAME)";
				TEST_HOST = "$(BUILT_PRODUCTS_DIR)/CU_Agora.app/CU_Agora";
			};
			name = Release;
		};
/* End XCBuildConfiguration section */

/* Begin XCConfigurationList section */
		A0A63BB01BBF048700A96434 /* Build configuration list for PBXProject "CU_Agora" */ = {
			isa = XCConfigurationList;
			buildConfigurations = (
				A0A63BD91BBF048800A96434 /* Debug */,
				A0A63BDA1BBF048800A96434 /* Release */,
			);
			defaultConfigurationIsVisible = 0;
			defaultConfigurationName = Release;
		};
		A0A63BDB1BBF048800A96434 /* Build configuration list for PBXNativeTarget "CU_Agora" */ = {
			isa = XCConfigurationList;
			buildConfigurations = (
				A0A63BDC1BBF048800A96434 /* Debug */,
				A0A63BDD1BBF048800A96434 /* Release */,
			);
			defaultConfigurationIsVisible = 0;
		};
		A0A63BDE1BBF048800A96434 /* Build configuration list for PBXNativeTarget "CU_AgoraTests" */ = {
			isa = XCConfigurationList;
			buildConfigurations = (
				A0A63BDF1BBF048800A96434 /* Debug */,
				A0A63BE01BBF048800A96434 /* Release */,
			);
			defaultConfigurationIsVisible = 0;
		};
/* End XCConfigurationList section */
	};
	rootObject = A0A63BAD1BBF048700A96434 /* Project object */;
}
