// !$*UTF8*$!
{
	archiveVersion = 1;
	classes = {
	};
	objectVersion = 46;
	objects = {

/* Begin PBXBuildFile section */
		94A06D3C1BBF1AAD00947F80 /* AppDelegate.swift in Sources */ = {isa = PBXBuildFile; fileRef = 94A06D3B1BBF1AAD00947F80 /* AppDelegate.swift */; };
		94A06D431BBF1AAD00947F80 /* Main.storyboard in Resources */ = {isa = PBXBuildFile; fileRef = 94A06D411BBF1AAD00947F80 /* Main.storyboard */; };
		94A06D451BBF1AAD00947F80 /* Images.xcassets in Resources */ = {isa = PBXBuildFile; fileRef = 94A06D441BBF1AAD00947F80 /* Images.xcassets */; };
		94A06D481BBF1AAD00947F80 /* LaunchScreen.xib in Resources */ = {isa = PBXBuildFile; fileRef = 94A06D461BBF1AAD00947F80 /* LaunchScreen.xib */; };
		94A06D541BBF1AAD00947F80 /* AgoraTests.swift in Sources */ = {isa = PBXBuildFile; fileRef = 94A06D531BBF1AAD00947F80 /* AgoraTests.swift */; };
		94A06D5E1BBF1CFA00947F80 /* SignInViewController.swift in Sources */ = {isa = PBXBuildFile; fileRef = 94A06D5D1BBF1CFA00947F80 /* SignInViewController.swift */; };
		94A06D621BBF1D2C00947F80 /* NearbyClassViewController.swift in Sources */ = {isa = PBXBuildFile; fileRef = 94A06D611BBF1D2C00947F80 /* NearbyClassViewController.swift */; };
		94A06D641BBF1D3B00947F80 /* MyPageViewController.swift in Sources */ = {isa = PBXBuildFile; fileRef = 94A06D631BBF1D3B00947F80 /* MyPageViewController.swift */; };
		94A06D661BBF1D5B00947F80 /* AgoraViewController.swift in Sources */ = {isa = PBXBuildFile; fileRef = 94A06D651BBF1D5B00947F80 /* AgoraViewController.swift */; };
		94A06D6A1BBF1D8400947F80 /* LiveChatViewController.swift in Sources */ = {isa = PBXBuildFile; fileRef = 94A06D691BBF1D8400947F80 /* LiveChatViewController.swift */; };
		94A06D6C1BBF1D9200947F80 /* MoodViewController.swift in Sources */ = {isa = PBXBuildFile; fileRef = 94A06D6B1BBF1D9200947F80 /* MoodViewController.swift */; };
		94A06D6E1BBF1DB500947F80 /* NavigationController.swift in Sources */ = {isa = PBXBuildFile; fileRef = 94A06D6D1BBF1DB500947F80 /* NavigationController.swift */; };
		A0FD57B51BC8531B00EA78E8 /* GeneralThreadTableViewController.swift in Sources */ = {isa = PBXBuildFile; fileRef = A0FD57B41BC8531B00EA78E8 /* GeneralThreadTableViewController.swift */; };
		A0FD57B71BDA9A3A00EA78E8 /* ThreadItemTableViewCell.swift in Sources */ = {isa = PBXBuildFile; fileRef = A0FD57B61BDA9A3A00EA78E8 /* ThreadItemTableViewCell.swift */; };
		A0FD57B91BDAA61600EA78E8 /* Thread.swift in Sources */ = {isa = PBXBuildFile; fileRef = A0FD57B81BDAA61600EA78E8 /* Thread.swift */; };
		A0FD57BB1BDAB94300EA78E8 /* ClassItemTableViewCell.swift in Sources */ = {isa = PBXBuildFile; fileRef = A0FD57BA1BDAB94300EA78E8 /* ClassItemTableViewCell.swift */; };
		A0FD57BD1BDABBAB00EA78E8 /* NeabyClassTableViewController.swift in Sources */ = {isa = PBXBuildFile; fileRef = A0FD57BC1BDABBAB00EA78E8 /* NeabyClassTableViewController.swift */; };
		A0FD57C11BDAC3C700EA78E8 /* NearbyClass.swift in Sources */ = {isa = PBXBuildFile; fileRef = A0FD57C01BDAC3C700EA78E8 /* NearbyClass.swift */; };
/* End PBXBuildFile section */

/* Begin PBXContainerItemProxy section */
		94A06D4E1BBF1AAD00947F80 /* PBXContainerItemProxy */ = {
			isa = PBXContainerItemProxy;
			containerPortal = 94A06D2E1BBF1AAD00947F80 /* Project object */;
			proxyType = 1;
			remoteGlobalIDString = 94A06D351BBF1AAD00947F80;
			remoteInfo = Agora;
		};
/* End PBXContainerItemProxy section */

/* Begin PBXFileReference section */
		94A06D361BBF1AAD00947F80 /* Agora.app */ = {isa = PBXFileReference; explicitFileType = wrapper.application; includeInIndex = 0; path = Agora.app; sourceTree = BUILT_PRODUCTS_DIR; };
		94A06D3A1BBF1AAD00947F80 /* Info.plist */ = {isa = PBXFileReference; lastKnownFileType = text.plist.xml; path = Info.plist; sourceTree = "<group>"; };
		94A06D3B1BBF1AAD00947F80 /* AppDelegate.swift */ = {isa = PBXFileReference; lastKnownFileType = sourcecode.swift; path = AppDelegate.swift; sourceTree = "<group>"; };
		94A06D421BBF1AAD00947F80 /* Base */ = {isa = PBXFileReference; lastKnownFileType = file.storyboard; name = Base; path = Base.lproj/Main.storyboard; sourceTree = "<group>"; };
		94A06D441BBF1AAD00947F80 /* Images.xcassets */ = {isa = PBXFileReference; lastKnownFileType = folder.assetcatalog; path = Images.xcassets; sourceTree = "<group>"; };
		94A06D471BBF1AAD00947F80 /* Base */ = {isa = PBXFileReference; lastKnownFileType = file.xib; name = Base; path = Base.lproj/LaunchScreen.xib; sourceTree = "<group>"; };
		94A06D4D1BBF1AAD00947F80 /* AgoraTests.xctest */ = {isa = PBXFileReference; explicitFileType = wrapper.cfbundle; includeInIndex = 0; path = AgoraTests.xctest; sourceTree = BUILT_PRODUCTS_DIR; };
		94A06D521BBF1AAD00947F80 /* Info.plist */ = {isa = PBXFileReference; lastKnownFileType = text.plist.xml; path = Info.plist; sourceTree = "<group>"; };
		94A06D531BBF1AAD00947F80 /* AgoraTests.swift */ = {isa = PBXFileReference; lastKnownFileType = sourcecode.swift; path = AgoraTests.swift; sourceTree = "<group>"; };
		94A06D5D1BBF1CFA00947F80 /* SignInViewController.swift */ = {isa = PBXFileReference; fileEncoding = 4; lastKnownFileType = sourcecode.swift; path = SignInViewController.swift; sourceTree = "<group>"; };
		94A06D611BBF1D2C00947F80 /* NearbyClassViewController.swift */ = {isa = PBXFileReference; fileEncoding = 4; lastKnownFileType = sourcecode.swift; path = NearbyClassViewController.swift; sourceTree = "<group>"; };
		94A06D631BBF1D3B00947F80 /* MyPageViewController.swift */ = {isa = PBXFileReference; fileEncoding = 4; lastKnownFileType = sourcecode.swift; path = MyPageViewController.swift; sourceTree = "<group>"; };
		94A06D651BBF1D5B00947F80 /* AgoraViewController.swift */ = {isa = PBXFileReference; fileEncoding = 4; lastKnownFileType = sourcecode.swift; path = AgoraViewController.swift; sourceTree = "<group>"; };
		94A06D691BBF1D8400947F80 /* LiveChatViewController.swift */ = {isa = PBXFileReference; fileEncoding = 4; lastKnownFileType = sourcecode.swift; path = LiveChatViewController.swift; sourceTree = "<group>"; };
		94A06D6B1BBF1D9200947F80 /* MoodViewController.swift */ = {isa = PBXFileReference; fileEncoding = 4; lastKnownFileType = sourcecode.swift; path = MoodViewController.swift; sourceTree = "<group>"; };
		94A06D6D1BBF1DB500947F80 /* NavigationController.swift */ = {isa = PBXFileReference; fileEncoding = 4; lastKnownFileType = sourcecode.swift; path = NavigationController.swift; sourceTree = "<group>"; };
		A0FD57B41BC8531B00EA78E8 /* GeneralThreadTableViewController.swift */ = {isa = PBXFileReference; fileEncoding = 4; lastKnownFileType = sourcecode.swift; path = GeneralThreadTableViewController.swift; sourceTree = "<group>"; };
		A0FD57B61BDA9A3A00EA78E8 /* ThreadItemTableViewCell.swift */ = {isa = PBXFileReference; fileEncoding = 4; lastKnownFileType = sourcecode.swift; path = ThreadItemTableViewCell.swift; sourceTree = SOURCE_ROOT; };
		A0FD57B81BDAA61600EA78E8 /* Thread.swift */ = {isa = PBXFileReference; fileEncoding = 4; lastKnownFileType = sourcecode.swift; path = Thread.swift; sourceTree = "<group>"; };
		A0FD57BA1BDAB94300EA78E8 /* ClassItemTableViewCell.swift */ = {isa = PBXFileReference; fileEncoding = 4; lastKnownFileType = sourcecode.swift; name = ClassItemTableViewCell.swift; path = Agora.xcodeproj/../ClassItemTableViewCell.swift; sourceTree = SOURCE_ROOT; };
		A0FD57BC1BDABBAB00EA78E8 /* NeabyClassTableViewController.swift */ = {isa = PBXFileReference; fileEncoding = 4; lastKnownFileType = sourcecode.swift; path = NeabyClassTableViewController.swift; sourceTree = "<group>"; };
		A0FD57C01BDAC3C700EA78E8 /* NearbyClass.swift */ = {isa = PBXFileReference; fileEncoding = 4; lastKnownFileType = sourcecode.swift; name = NearbyClass.swift; path = Agora.xcodeproj/../NearbyClass.swift; sourceTree = SOURCE_ROOT; };
/* End PBXFileReference section */

/* Begin PBXFrameworksBuildPhase section */
		94A06D331BBF1AAD00947F80 /* Frameworks */ = {
			isa = PBXFrameworksBuildPhase;
			buildActionMask = 2147483647;
			files = (
			);
			runOnlyForDeploymentPostprocessing = 0;
		};
		94A06D4A1BBF1AAD00947F80 /* Frameworks */ = {
			isa = PBXFrameworksBuildPhase;
			buildActionMask = 2147483647;
			files = (
			);
			runOnlyForDeploymentPostprocessing = 0;
		};
/* End PBXFrameworksBuildPhase section */

/* Begin PBXGroup section */
		94A06D2D1BBF1AAD00947F80 = {
			isa = PBXGroup;
			children = (
				94A06D381BBF1AAD00947F80 /* Agora */,
				94A06D501BBF1AAD00947F80 /* AgoraTests */,
				94A06D371BBF1AAD00947F80 /* Products */,
			);
			sourceTree = "<group>";
		};
		94A06D371BBF1AAD00947F80 /* Products */ = {
			isa = PBXGroup;
			children = (
				94A06D361BBF1AAD00947F80 /* Agora.app */,
				94A06D4D1BBF1AAD00947F80 /* AgoraTests.xctest */,
			);
			name = Products;
			sourceTree = "<group>";
		};
		94A06D381BBF1AAD00947F80 /* Agora */ = {
			isa = PBXGroup;
			children = (
				94A06D3B1BBF1AAD00947F80 /* AppDelegate.swift */,
				A0FD57C01BDAC3C700EA78E8 /* NearbyClass.swift */,
				94A06D6D1BBF1DB500947F80 /* NavigationController.swift */,
				94A06D5D1BBF1CFA00947F80 /* SignInViewController.swift */,
				A0FD57B41BC8531B00EA78E8 /* GeneralThreadTableViewController.swift */,
				A0FD57BC1BDABBAB00EA78E8 /* NeabyClassTableViewController.swift */,
				A0FD57BA1BDAB94300EA78E8 /* ClassItemTableViewCell.swift */,
				94A06D611BBF1D2C00947F80 /* NearbyClassViewController.swift */,
				A0FD57B61BDA9A3A00EA78E8 /* ThreadItemTableViewCell.swift */,
				94A06D631BBF1D3B00947F80 /* MyPageViewController.swift */,
				94A06D651BBF1D5B00947F80 /* AgoraViewController.swift */,
				94A06D691BBF1D8400947F80 /* LiveChatViewController.swift */,
				94A06D6B1BBF1D9200947F80 /* MoodViewController.swift */,
				94A06D411BBF1AAD00947F80 /* Main.storyboard */,
				A0FD57B81BDAA61600EA78E8 /* Thread.swift */,
				94A06D441BBF1AAD00947F80 /* Images.xcassets */,
				94A06D461BBF1AAD00947F80 /* LaunchScreen.xib */,
				94A06D391BBF1AAD00947F80 /* Supporting Files */,
			);
			path = Agora;
			sourceTree = "<group>";
		};
		94A06D391BBF1AAD00947F80 /* Supporting Files */ = {
			isa = PBXGroup;
			children = (
				94A06D3A1BBF1AAD00947F80 /* Info.plist */,
			);
			name = "Supporting Files";
			sourceTree = "<group>";
		};
		94A06D501BBF1AAD00947F80 /* AgoraTests */ = {
			isa = PBXGroup;
			children = (
				94A06D531BBF1AAD00947F80 /* AgoraTests.swift */,
				94A06D511BBF1AAD00947F80 /* Supporting Files */,
			);
			path = AgoraTests;
			sourceTree = "<group>";
		};
		94A06D511BBF1AAD00947F80 /* Supporting Files */ = {
			isa = PBXGroup;
			children = (
				94A06D521BBF1AAD00947F80 /* Info.plist */,
			);
			name = "Supporting Files";
			sourceTree = "<group>";
		};
/* End PBXGroup section */

/* Begin PBXNativeTarget section */
		94A06D351BBF1AAD00947F80 /* Agora */ = {
			isa = PBXNativeTarget;
			buildConfigurationList = 94A06D571BBF1AAD00947F80 /* Build configuration list for PBXNativeTarget "Agora" */;
			buildPhases = (
				94A06D321BBF1AAD00947F80 /* Sources */,
				94A06D331BBF1AAD00947F80 /* Frameworks */,
				94A06D341BBF1AAD00947F80 /* Resources */,
			);
			buildRules = (
			);
			dependencies = (
			);
			name = Agora;
			productName = Agora;
			productReference = 94A06D361BBF1AAD00947F80 /* Agora.app */;
			productType = "com.apple.product-type.application";
		};
		94A06D4C1BBF1AAD00947F80 /* AgoraTests */ = {
			isa = PBXNativeTarget;
			buildConfigurationList = 94A06D5A1BBF1AAD00947F80 /* Build configuration list for PBXNativeTarget "AgoraTests" */;
			buildPhases = (
				94A06D491BBF1AAD00947F80 /* Sources */,
				94A06D4A1BBF1AAD00947F80 /* Frameworks */,
				94A06D4B1BBF1AAD00947F80 /* Resources */,
			);
			buildRules = (
			);
			dependencies = (
				94A06D4F1BBF1AAD00947F80 /* PBXTargetDependency */,
			);
			name = AgoraTests;
			productName = AgoraTests;
			productReference = 94A06D4D1BBF1AAD00947F80 /* AgoraTests.xctest */;
			productType = "com.apple.product-type.bundle.unit-test";
		};
/* End PBXNativeTarget section */

/* Begin PBXProject section */
		94A06D2E1BBF1AAD00947F80 /* Project object */ = {
			isa = PBXProject;
			attributes = {
				LastUpgradeCheck = 0640;
				ORGANIZATIONNAME = ADI_Lab;
				TargetAttributes = {
					94A06D351BBF1AAD00947F80 = {
						CreatedOnToolsVersion = 6.4;
					};
					94A06D4C1BBF1AAD00947F80 = {
						CreatedOnToolsVersion = 6.4;
						TestTargetID = 94A06D351BBF1AAD00947F80;
					};
				};
			};
			buildConfigurationList = 94A06D311BBF1AAD00947F80 /* Build configuration list for PBXProject "Agora" */;
			compatibilityVersion = "Xcode 3.2";
			developmentRegion = English;
			hasScannedForEncodings = 0;
			knownRegions = (
				en,
				Base,
			);
			mainGroup = 94A06D2D1BBF1AAD00947F80;
			productRefGroup = 94A06D371BBF1AAD00947F80 /* Products */;
			projectDirPath = "";
			projectRoot = "";
			targets = (
				94A06D351BBF1AAD00947F80 /* Agora */,
				94A06D4C1BBF1AAD00947F80 /* AgoraTests */,
			);
		};
/* End PBXProject section */

/* Begin PBXResourcesBuildPhase section */
		94A06D341BBF1AAD00947F80 /* Resources */ = {
			isa = PBXResourcesBuildPhase;
			buildActionMask = 2147483647;
			files = (
				94A06D431BBF1AAD00947F80 /* Main.storyboard in Resources */,
				94A06D481BBF1AAD00947F80 /* LaunchScreen.xib in Resources */,
				94A06D451BBF1AAD00947F80 /* Images.xcassets in Resources */,
			);
			runOnlyForDeploymentPostprocessing = 0;
		};
		94A06D4B1BBF1AAD00947F80 /* Resources */ = {
			isa = PBXResourcesBuildPhase;
			buildActionMask = 2147483647;
			files = (
			);
			runOnlyForDeploymentPostprocessing = 0;
		};
/* End PBXResourcesBuildPhase section */

/* Begin PBXSourcesBuildPhase section */
		94A06D321BBF1AAD00947F80 /* Sources */ = {
			isa = PBXSourcesBuildPhase;
			buildActionMask = 2147483647;
			files = (
				94A06D641BBF1D3B00947F80 /* MyPageViewController.swift in Sources */,
				A0FD57B91BDAA61600EA78E8 /* Thread.swift in Sources */,
				94A06D661BBF1D5B00947F80 /* AgoraViewController.swift in Sources */,
				A0FD57C11BDAC3C700EA78E8 /* NearbyClass.swift in Sources */,
				94A06D621BBF1D2C00947F80 /* NearbyClassViewController.swift in Sources */,
				94A06D5E1BBF1CFA00947F80 /* SignInViewController.swift in Sources */,
				A0FD57BD1BDABBAB00EA78E8 /* NeabyClassTableViewController.swift in Sources */,
				94A06D6C1BBF1D9200947F80 /* MoodViewController.swift in Sources */,
				94A06D6E1BBF1DB500947F80 /* NavigationController.swift in Sources */,
				94A06D6A1BBF1D8400947F80 /* LiveChatViewController.swift in Sources */,
				94A06D3C1BBF1AAD00947F80 /* AppDelegate.swift in Sources */,
				A0FD57B71BDA9A3A00EA78E8 /* ThreadItemTableViewCell.swift in Sources */,
				A0FD57B51BC8531B00EA78E8 /* GeneralThreadTableViewController.swift in Sources */,
				A0FD57BB1BDAB94300EA78E8 /* ClassItemTableViewCell.swift in Sources */,
			);
			runOnlyForDeploymentPostprocessing = 0;
		};
		94A06D491BBF1AAD00947F80 /* Sources */ = {
			isa = PBXSourcesBuildPhase;
			buildActionMask = 2147483647;
			files = (
				94A06D541BBF1AAD00947F80 /* AgoraTests.swift in Sources */,
			);
			runOnlyForDeploymentPostprocessing = 0;
		};
/* End PBXSourcesBuildPhase section */

/* Begin PBXTargetDependency section */
		94A06D4F1BBF1AAD00947F80 /* PBXTargetDependency */ = {
			isa = PBXTargetDependency;
			target = 94A06D351BBF1AAD00947F80 /* Agora */;
			targetProxy = 94A06D4E1BBF1AAD00947F80 /* PBXContainerItemProxy */;
		};
/* End PBXTargetDependency section */

/* Begin PBXVariantGroup section */
		94A06D411BBF1AAD00947F80 /* Main.storyboard */ = {
			isa = PBXVariantGroup;
			children = (
				94A06D421BBF1AAD00947F80 /* Base */,
			);
			name = Main.storyboard;
			sourceTree = "<group>";
		};
		94A06D461BBF1AAD00947F80 /* LaunchScreen.xib */ = {
			isa = PBXVariantGroup;
			children = (
				94A06D471BBF1AAD00947F80 /* Base */,
			);
			name = LaunchScreen.xib;
			sourceTree = "<group>";
		};
/* End PBXVariantGroup section */

/* Begin XCBuildConfiguration section */
		94A06D551BBF1AAD00947F80 /* Debug */ = {
			isa = XCBuildConfiguration;
			buildSettings = {
				ALWAYS_SEARCH_USER_PATHS = NO;
				CLANG_CXX_LANGUAGE_STANDARD = "gnu++0x";
				CLANG_CXX_LIBRARY = "libc++";
				CLANG_ENABLE_MODULES = YES;
				CLANG_ENABLE_OBJC_ARC = YES;
				CLANG_WARN_BOOL_CONVERSION = YES;
				CLANG_WARN_CONSTANT_CONVERSION = YES;
				CLANG_WARN_DIRECT_OBJC_ISA_USAGE = YES_ERROR;
				CLANG_WARN_EMPTY_BODY = YES;
				CLANG_WARN_ENUM_CONVERSION = YES;
				CLANG_WARN_INT_CONVERSION = YES;
				CLANG_WARN_OBJC_ROOT_CLASS = YES_ERROR;
				CLANG_WARN_UNREACHABLE_CODE = YES;
				CLANG_WARN__DUPLICATE_METHOD_MATCH = YES;
				"CODE_SIGN_IDENTITY[sdk=iphoneos*]" = "iPhone Developer";
				COPY_PHASE_STRIP = NO;
				DEBUG_INFORMATION_FORMAT = "dwarf-with-dsym";
				ENABLE_STRICT_OBJC_MSGSEND = YES;
				GCC_C_LANGUAGE_STANDARD = gnu99;
				GCC_DYNAMIC_NO_PIC = NO;
				GCC_NO_COMMON_BLOCKS = YES;
				GCC_OPTIMIZATION_LEVEL = 0;
				GCC_PREPROCESSOR_DEFINITIONS = (
					"DEBUG=1",
					"$(inherited)",
				);
				GCC_SYMBOLS_PRIVATE_EXTERN = NO;
				GCC_WARN_64_TO_32_BIT_CONVERSION = YES;
				GCC_WARN_ABOUT_RETURN_TYPE = YES_ERROR;
				GCC_WARN_UNDECLARED_SELECTOR = YES;
				GCC_WARN_UNINITIALIZED_AUTOS = YES_AGGRESSIVE;
				GCC_WARN_UNUSED_FUNCTION = YES;
				GCC_WARN_UNUSED_VARIABLE = YES;
				IPHONEOS_DEPLOYMENT_TARGET = 8.4;
				MTL_ENABLE_DEBUG_INFO = YES;
				ONLY_ACTIVE_ARCH = YES;
				SDKROOT = iphoneos;
				SWIFT_OPTIMIZATION_LEVEL = "-Onone";
			};
			name = Debug;
		};
		94A06D561BBF1AAD00947F80 /* Release */ = {
			isa = XCBuildConfiguration;
			buildSettings = {
				ALWAYS_SEARCH_USER_PATHS = NO;
				CLANG_CXX_LANGUAGE_STANDARD = "gnu++0x";
				CLANG_CXX_LIBRARY = "libc++";
				CLANG_ENABLE_MODULES = YES;
				CLANG_ENABLE_OBJC_ARC = YES;
				CLANG_WARN_BOOL_CONVERSION = YES;
				CLANG_WARN_CONSTANT_CONVERSION = YES;
				CLANG_WARN_DIRECT_OBJC_ISA_USAGE = YES_ERROR;
				CLANG_WARN_EMPTY_BODY = YES;
				CLANG_WARN_ENUM_CONVERSION = YES;
				CLANG_WARN_INT_CONVERSION = YES;
				CLANG_WARN_OBJC_ROOT_CLASS = YES_ERROR;
				CLANG_WARN_UNREACHABLE_CODE = YES;
				CLANG_WARN__DUPLICATE_METHOD_MATCH = YES;
				"CODE_SIGN_IDENTITY[sdk=iphoneos*]" = "iPhone Developer";
				COPY_PHASE_STRIP = NO;
				DEBUG_INFORMATION_FORMAT = "dwarf-with-dsym";
				ENABLE_NS_ASSERTIONS = NO;
				ENABLE_STRICT_OBJC_MSGSEND = YES;
				GCC_C_LANGUAGE_STANDARD = gnu99;
				GCC_NO_COMMON_BLOCKS = YES;
				GCC_WARN_64_TO_32_BIT_CONVERSION = YES;
				GCC_WARN_ABOUT_RETURN_TYPE = YES_ERROR;
				GCC_WARN_UNDECLARED_SELECTOR = YES;
				GCC_WARN_UNINITIALIZED_AUTOS = YES_AGGRESSIVE;
				GCC_WARN_UNUSED_FUNCTION = YES;
				GCC_WARN_UNUSED_VARIABLE = YES;
				IPHONEOS_DEPLOYMENT_TARGET = 8.4;
				MTL_ENABLE_DEBUG_INFO = NO;
				SDKROOT = iphoneos;
				VALIDATE_PRODUCT = YES;
			};
			name = Release;
		};
		94A06D581BBF1AAD00947F80 /* Debug */ = {
			isa = XCBuildConfiguration;
			buildSettings = {
				ASSETCATALOG_COMPILER_APPICON_NAME = AppIcon;
				INFOPLIST_FILE = Agora/Info.plist;
				LD_RUNPATH_SEARCH_PATHS = "$(inherited) @executable_path/Frameworks";
				PRODUCT_NAME = "$(TARGET_NAME)";
			};
			name = Debug;
		};
		94A06D591BBF1AAD00947F80 /* Release */ = {
			isa = XCBuildConfiguration;
			buildSettings = {
				ASSETCATALOG_COMPILER_APPICON_NAME = AppIcon;
				INFOPLIST_FILE = Agora/Info.plist;
				LD_RUNPATH_SEARCH_PATHS = "$(inherited) @executable_path/Frameworks";
				PRODUCT_NAME = "$(TARGET_NAME)";
			};
			name = Release;
		};
		94A06D5B1BBF1AAD00947F80 /* Debug */ = {
			isa = XCBuildConfiguration;
			buildSettings = {
				BUNDLE_LOADER = "$(TEST_HOST)";
				FRAMEWORK_SEARCH_PATHS = (
					"$(SDKROOT)/Developer/Library/Frameworks",
					"$(inherited)",
				);
				GCC_PREPROCESSOR_DEFINITIONS = (
					"DEBUG=1",
					"$(inherited)",
				);
				INFOPLIST_FILE = AgoraTests/Info.plist;
				LD_RUNPATH_SEARCH_PATHS = "$(inherited) @executable_path/Frameworks @loader_path/Frameworks";
				PRODUCT_NAME = "$(TARGET_NAME)";
				TEST_HOST = "$(BUILT_PRODUCTS_DIR)/Agora.app/Agora";
			};
			name = Debug;
		};
		94A06D5C1BBF1AAD00947F80 /* Release */ = {
			isa = XCBuildConfiguration;
			buildSettings = {
				BUNDLE_LOADER = "$(TEST_HOST)";
				FRAMEWORK_SEARCH_PATHS = (
					"$(SDKROOT)/Developer/Library/Frameworks",
					"$(inherited)",
				);
				INFOPLIST_FILE = AgoraTests/Info.plist;
				LD_RUNPATH_SEARCH_PATHS = "$(inherited) @executable_path/Frameworks @loader_path/Frameworks";
				PRODUCT_NAME = "$(TARGET_NAME)";
				TEST_HOST = "$(BUILT_PRODUCTS_DIR)/Agora.app/Agora";
			};
			name = Release;
		};
/* End XCBuildConfiguration section */

/* Begin XCConfigurationList section */
		94A06D311BBF1AAD00947F80 /* Build configuration list for PBXProject "Agora" */ = {
			isa = XCConfigurationList;
			buildConfigurations = (
				94A06D551BBF1AAD00947F80 /* Debug */,
				94A06D561BBF1AAD00947F80 /* Release */,
			);
			defaultConfigurationIsVisible = 0;
			defaultConfigurationName = Release;
		};
		94A06D571BBF1AAD00947F80 /* Build configuration list for PBXNativeTarget "Agora" */ = {
			isa = XCConfigurationList;
			buildConfigurations = (
				94A06D581BBF1AAD00947F80 /* Debug */,
				94A06D591BBF1AAD00947F80 /* Release */,
			);
			defaultConfigurationIsVisible = 0;
			defaultConfigurationName = Release;
		};
		94A06D5A1BBF1AAD00947F80 /* Build configuration list for PBXNativeTarget "AgoraTests" */ = {
			isa = XCConfigurationList;
			buildConfigurations = (
				94A06D5B1BBF1AAD00947F80 /* Debug */,
				94A06D5C1BBF1AAD00947F80 /* Release */,
			);
			defaultConfigurationIsVisible = 0;
			defaultConfigurationName = Release;
		};
/* End XCConfigurationList section */
	};
	rootObject = 94A06D2E1BBF1AAD00947F80 /* Project object */;
}
